<?xml version="1.0" encoding="utf-8"?>
<Project ToolsVersion="4.0" xmlns="http://schemas.microsoft.com/developer/msbuild/2003">
  <ItemGroup>
    <Filter Include="Source Files">
      <UniqueIdentifier>{4FC737F1-C7A5-4376-A066-2A32D752A2FF}</UniqueIdentifier>
      <Extensions>cpp;c;cc;cxx;c++;cppm;ixx;def;odl;idl;hpj;bat;asm;asmx</Extensions>
    </Filter>
    <Filter Include="Header Files">
      <UniqueIdentifier>{93995380-89BD-4b04-88EB-625FBE52EBFB}</UniqueIdentifier>
      <Extensions>h;hh;hpp;hxx;h++;hm;inl;inc;ipp;xsd</Extensions>
    </Filter>
    <Filter Include="Resource Files">
      <UniqueIdentifier>{67DA6AB6-F800-4c08-8B7A-83BB121AAD01}</UniqueIdentifier>
      <Extensions>rc;ico;cur;bmp;dlg;rc2;rct;bin;rgs;gif;jpg;jpeg;jpe;resx;tiff;tif;png;wav;mfcribbon-ms</Extensions>
    </Filter>
    <Filter Include="Source Files\Wrappers">
      <UniqueIdentifier>{677afb0c-f457-42be-981a-dfc0953e2384}</UniqueIdentifier>
    </Filter>
    <Filter Include="Header Files\Wrappers">
      <UniqueIdentifier>{cca38885-8bf1-457f-ad61-43e85163b0d2}</UniqueIdentifier>
    </Filter>
    <Filter Include="Source Files\Exercise5Shaders">
      <UniqueIdentifier>{59c685b5-608d-4638-b1bf-d23d7eb2653a}</UniqueIdentifier>
    </Filter>
    <Filter Include="Source Files\Exercise1CreateWindow">
      <UniqueIdentifier>{461887ee-cd28-4cc3-a84b-b517088c804d}</UniqueIdentifier>
    </Filter>
    <Filter Include="Source Files\Exercise2Triangle">
      <UniqueIdentifier>{c4784f07-0de1-424d-904b-33d370d659b6}</UniqueIdentifier>
    </Filter>
    <Filter Include="Source Files\Exercise3Indices">
      <UniqueIdentifier>{e12d5f59-84ef-440e-aad6-ee59457a2d46}</UniqueIdentifier>
    </Filter>
    <Filter Include="Resource Files\Shaders">
      <UniqueIdentifier>{ecf40667-a421-4039-b95e-3875a0f86d5e}</UniqueIdentifier>
    </Filter>
    <Filter Include="Resource Files\Shaders\Exercise5Shaders">
      <UniqueIdentifier>{ad6d62a9-943f-4862-8daa-d1ca1ca0f5ae}</UniqueIdentifier>
    </Filter>
    <Filter Include="Resource Files\Shaders\Exercise5Shaders\Exercise5Easy">
      <UniqueIdentifier>{d38ff242-b99b-4145-9bc7-b55ed5b09817}</UniqueIdentifier>
    </Filter>
    <Filter Include="Resource Files\Shaders\Exercise5Shaders\Exercise5Easy\Problem1">
      <UniqueIdentifier>{b6566022-2b9f-411c-989b-d4cb45361be2}</UniqueIdentifier>
    </Filter>
    <Filter Include="Resource Files\Shaders\Exercise5Shaders\Exercise5Easy\Problem2">
      <UniqueIdentifier>{886251d8-a045-44d3-b964-29ffe93594d3}</UniqueIdentifier>
    </Filter>
  </ItemGroup>
  <ItemGroup>
    <ClCompile Include="Main.cpp">
      <Filter>Source Files</Filter>
    </ClCompile>
    <ClCompile Include="Exercise1Easy.cpp">
      <Filter>Source Files\Exercise1CreateWindow</Filter>
    </ClCompile>
    <ClCompile Include="glad.c">
      <Filter>Source Files</Filter>
    </ClCompile>
    <ClCompile Include="Exercise1Medium.cpp">
      <Filter>Source Files\Exercise1CreateWindow</Filter>
    </ClCompile>
    <ClCompile Include="Exercise1Hard.cpp">
      <Filter>Source Files\Exercise1CreateWindow</Filter>
    </ClCompile>
    <ClCompile Include="Exercise2Easy.cpp">
      <Filter>Source Files\Exercise2Triangle</Filter>
    </ClCompile>
    <ClCompile Include="Exercise2Medium.cpp">
      <Filter>Source Files\Exercise2Triangle</Filter>
    </ClCompile>
    <ClCompile Include="Exercise2Hard.cpp">
      <Filter>Source Files\Exercise2Triangle</Filter>
    </ClCompile>
    <ClCompile Include="Exercise3Easy.cpp">
      <Filter>Source Files\Exercise3Indices</Filter>
    </ClCompile>
    <ClCompile Include="Shader.cpp">
      <Filter>Source Files\Wrappers</Filter>
    </ClCompile>
    <ClCompile Include="Window.cpp">
      <Filter>Source Files\Wrappers</Filter>
    </ClCompile>
    <ClCompile Include="VertexBufferObject.cpp">
      <Filter>Source Files\Wrappers</Filter>
    </ClCompile>
    <ClCompile Include="ElementBufferObject.cpp">
      <Filter>Source Files\Wrappers</Filter>
    </ClCompile>
    <ClCompile Include="VertexArrayObject.cpp">
      <Filter>Source Files\Wrappers</Filter>
    </ClCompile>
    <ClCompile Include="Exercise5Easy.cpp">
      <Filter>Source Files\Exercise5Shaders</Filter>
    </ClCompile>
    <ClCompile Include="Utils.cpp">
      <Filter>Source Files</Filter>
    </ClCompile>
    <ClCompile Include="Exercise5Medium.cpp">
      <Filter>Source Files\Exercise5Shaders</Filter>
    </ClCompile>
  </ItemGroup>
  <ItemGroup>
    <ClInclude Include="Headers.h">
      <Filter>Header Files</Filter>
    </ClInclude>
    <ClInclude Include="Exercises.h">
      <Filter>Header Files</Filter>
    </ClInclude>
    <ClInclude Include="Shader.h">
      <Filter>Header Files\Wrappers</Filter>
    </ClInclude>
    <ClInclude Include="Window.h">
      <Filter>Header Files\Wrappers</Filter>
    </ClInclude>
    <ClInclude Include="VertexBufferObject.h">
      <Filter>Header Files\Wrappers</Filter>
    </ClInclude>
    <ClInclude Include="ElementBufferObject.h">
      <Filter>Header Files\Wrappers</Filter>
    </ClInclude>
    <ClInclude Include="VertexArrayObject.h">
      <Filter>Header Files\Wrappers</Filter>
    </ClInclude>
    <ClInclude Include="Wrappers.h">
      <Filter>Header Files</Filter>
    </ClInclude>
    <ClInclude Include="Utils.h">
      <Filter>Header Files</Filter>
    </ClInclude>
  </ItemGroup>
  <ItemGroup>
    <None Include="easyproblem1.vert">
      <Filter>Resource Files\Shaders\Exercise5Shaders\Exercise5Easy\Problem1</Filter>
    </None>
    <None Include="easyproblem1.frag">
      <Filter>Resource Files\Shaders\Exercise5Shaders\Exercise5Easy\Problem1</Filter>
    </None>
    <None Include="easyproblem2.vert">
      <Filter>Resource Files\Shaders\Exercise5Shaders\Exercise5Easy\Problem2</Filter>
    </None>
    <None Include="easyproblem2.frag">
      <Filter>Resource Files\Shaders\Exercise5Shaders\Exercise5Easy\Problem2</Filter>
    </None>
  </ItemGroup>
</Project>