<?xml version="1.0" encoding="utf-8"?>
<Project ToolsVersion="4.0" xmlns="http://schemas.microsoft.com/developer/msbuild/2003">
  <ItemGroup>
    <Filter Include="Source Files">
      <UniqueIdentifier>{4FC737F1-C7A5-4376-A066-2A32D752A2FF}</UniqueIdentifier>
      <Extensions>cpp;c;cc;cxx;c++;cppm;ixx;def;odl;idl;hpj;bat;asm;asmx</Extensions>
    </Filter>
    <Filter Include="Header Files">
      <UniqueIdentifier>{93995380-89BD-4b04-88EB-625FBE52EBFB}</UniqueIdentifier>
      <Extensions>h;hh;hpp;hxx;h++;hm;inl;inc;ipp;xsd</Extensions>
    </Filter>
    <Filter Include="Resource Files">
      <UniqueIdentifier>{67DA6AB6-F800-4c08-8B7A-83BB121AAD01}</UniqueIdentifier>
      <Extensions>rc;ico;cur;bmp;dlg;rc2;rct;bin;rgs;gif;jpg;jpeg;jpe;resx;tiff;tif;png;wav;mfcribbon-ms</Extensions>
    </Filter>
    <Filter Include="Source Files\Wrappers">
      <UniqueIdentifier>{677afb0c-f457-42be-981a-dfc0953e2384}</UniqueIdentifier>
    </Filter>
    <Filter Include="Header Files\Wrappers">
      <UniqueIdentifier>{cca38885-8bf1-457f-ad61-43e85163b0d2}</UniqueIdentifier>
    </Filter>
    <Filter Include="Source Files\Exercise5Shaders">
      <UniqueIdentifier>{59c685b5-608d-4638-b1bf-d23d7eb2653a}</UniqueIdentifier>
    </Filter>
    <Filter Include="Source Files\Exercise1CreateWindow">
      <UniqueIdentifier>{461887ee-cd28-4cc3-a84b-b517088c804d}</UniqueIdentifier>
    </Filter>
    <Filter Include="Source Files\Exercise2Triangle">
      <UniqueIdentifier>{c4784f07-0de1-424d-904b-33d370d659b6}</UniqueIdentifier>
    </Filter>
    <Filter Include="Source Files\Exercise3Indices">
      <UniqueIdentifier>{e12d5f59-84ef-440e-aad6-ee59457a2d46}</UniqueIdentifier>
    </Filter>
    <Filter Include="Resource Files\Shaders">
      <UniqueIdentifier>{ecf40667-a421-4039-b95e-3875a0f86d5e}</UniqueIdentifier>
    </Filter>
    <Filter Include="Resource Files\Shaders\Exercise5Shaders">
      <UniqueIdentifier>{ad6d62a9-943f-4862-8daa-d1ca1ca0f5ae}</UniqueIdentifier>
    </Filter>
    <Filter Include="Resource Files\Shaders\Exercise5Shaders\Exercise5Easy">
      <UniqueIdentifier>{d38ff242-b99b-4145-9bc7-b55ed5b09817}</UniqueIdentifier>
    </Filter>
    <Filter Include="Resource Files\Shaders\Exercise5Shaders\Exercise5Easy\Problem1">
      <UniqueIdentifier>{b6566022-2b9f-411c-989b-d4cb45361be2}</UniqueIdentifier>
    </Filter>
    <Filter Include="Resource Files\Shaders\Exercise5Shaders\Exercise5Easy\Problem2">
      <UniqueIdentifier>{886251d8-a045-44d3-b964-29ffe93594d3}</UniqueIdentifier>
    </Filter>
    <Filter Include="Resource Files\Shaders\Exercise5Shaders\Exercise5Medium">
      <UniqueIdentifier>{0bbf16de-d895-42ed-9c35-74faf3cc5637}</UniqueIdentifier>
    </Filter>
    <Filter Include="Resource Files\Shaders\Exercise5Shaders\Exercise5Medium\Problem1">
      <UniqueIdentifier>{7d6a14f4-cf13-4f54-b185-99b42f2625ea}</UniqueIdentifier>
    </Filter>
    <Filter Include="Resource Files\Shaders\Exercise5Shaders\Exercise5Hard">
      <UniqueIdentifier>{7d7fad53-3487-4668-90e4-32c694fec0c0}</UniqueIdentifier>
    </Filter>
    <Filter Include="Resource Files\Shaders\Exercise5Shaders\Exercise5Hard\Problem1">
      <UniqueIdentifier>{48e0dbfd-a159-4bfe-a407-cf39805f5f00}</UniqueIdentifier>
    </Filter>
    <Filter Include="Resource Files\Textures">
      <UniqueIdentifier>{3f5e457f-12f5-4221-be0f-9880c01c3c20}</UniqueIdentifier>
    </Filter>
    <Filter Include="Source Files\Exercise6Textures">
      <UniqueIdentifier>{d1a80900-7040-427e-bc04-e93436aa73f7}</UniqueIdentifier>
    </Filter>
    <Filter Include="Resource Files\Shaders\Exercise6Textures">
      <UniqueIdentifier>{fce18981-3e92-4328-b85c-593f6728d5aa}</UniqueIdentifier>
    </Filter>
    <Filter Include="Resource Files\Shaders\Exercise6Textures\Exercise6Easy">
      <UniqueIdentifier>{718b6be2-c0a1-432d-81f7-b1d0e5d0f190}</UniqueIdentifier>
    </Filter>
    <Filter Include="Resource Files\Shaders\Exercise6Textures\Exercise6Easy\Problem1">
      <UniqueIdentifier>{fcbfd454-b623-4037-8f14-709d39731314}</UniqueIdentifier>
    </Filter>
    <Filter Include="Resource Files\Shaders\Exercise6Textures\Exercise6Easy\Problem2">
      <UniqueIdentifier>{014f07e1-ac8d-447a-9fe9-c76a391701d3}</UniqueIdentifier>
    </Filter>
    <Filter Include="Resource Files\Shaders\Exercise6Textures\Exercise6Medium">
      <UniqueIdentifier>{82edbc79-35db-4b6b-88c2-ac02b5f885fe}</UniqueIdentifier>
    </Filter>
    <Filter Include="Resource Files\Shaders\Exercise6Textures\Exercise6Medium\Problem1">
      <UniqueIdentifier>{8fa2e540-2266-4259-bbe5-4b4efe57cb79}</UniqueIdentifier>
    </Filter>
    <Filter Include="Resource Files\Shaders\Exercise6Textures\Exercise6Medium\Problem2">
      <UniqueIdentifier>{968aaa3c-4b81-40a6-8223-eb6315c29cbe}</UniqueIdentifier>
    </Filter>
    <Filter Include="Resource Files\Shaders\Exercise6Textures\Exercise6Hard">
      <UniqueIdentifier>{7e4269de-fdff-40e3-b53d-ee06a2189e6d}</UniqueIdentifier>
    </Filter>
    <Filter Include="Resource Files\Shaders\Exercise6Textures\Exercise6Hard\Problem1">
      <UniqueIdentifier>{9268ffa8-67a9-4d1e-9e62-c28d54983278}</UniqueIdentifier>
    </Filter>
    <Filter Include="Resource Files\Shaders\ExerciseTransformations">
      <UniqueIdentifier>{c2bc3840-7b66-4895-b146-1d03e751a3c2}</UniqueIdentifier>
    </Filter>
    <Filter Include="Source Files\ExerciseTransformations">
      <UniqueIdentifier>{a70af92c-ec59-4e0f-a597-d8f53c571d92}</UniqueIdentifier>
    </Filter>
    <Filter Include="Resource Files\Shaders\ExerciseCoordinateSystems">
      <UniqueIdentifier>{552550fa-177d-44be-8a49-9ecd621c827e}</UniqueIdentifier>
    </Filter>
    <Filter Include="Source Files\ExerciseCoordinateSystems">
      <UniqueIdentifier>{042c45df-9da9-4952-b5f6-5448c23e566a}</UniqueIdentifier>
    </Filter>
    <Filter Include="Resource Files\Shaders\ExerciseCamera">
      <UniqueIdentifier>{53e8747e-bd5b-4fcf-853e-b018f897e4b9}</UniqueIdentifier>
    </Filter>
    <Filter Include="Source Files\ExerciseCamera">
      <UniqueIdentifier>{a17928b7-2a8b-4ed3-af70-2cfdc0404c09}</UniqueIdentifier>
    </Filter>
    <Filter Include="Resource Files\Shaders\ExerciseBasicLighting">
      <UniqueIdentifier>{f1c11da0-d712-43a3-a99f-6288303e9112}</UniqueIdentifier>
    </Filter>
    <Filter Include="Source Files\ExerciseBasicLighting">
      <UniqueIdentifier>{7e742751-ceac-447b-ad89-c596e5fb4520}</UniqueIdentifier>
    </Filter>
    <Filter Include="Resource Files\Shaders\ExerciseBasicLighting\Problem1">
      <UniqueIdentifier>{3b2b21ee-baa1-4a17-bdc3-cdc306936ec9}</UniqueIdentifier>
    </Filter>
    <Filter Include="Resource Files\Shaders\ExerciseBasicLighting\Problem2">
      <UniqueIdentifier>{0f3bc1c2-154a-446f-a06d-9134798546e0}</UniqueIdentifier>
    </Filter>
    <Filter Include="Resource Files\Shaders\ExerciseBasicLighting\Problem3">
      <UniqueIdentifier>{13de6700-0f47-4016-b28c-0ace7110a6c7}</UniqueIdentifier>
    </Filter>
    <Filter Include="Resource Files\Shaders\ExerciseBasicLighting\Problem4">
      <UniqueIdentifier>{7e477a45-5f0c-4981-9975-3e107c5e93ad}</UniqueIdentifier>
    </Filter>
    <Filter Include="Source Files\ExerciseMaterials">
      <UniqueIdentifier>{de5c1505-fc5f-4eea-acc6-376c99ba2ac3}</UniqueIdentifier>
    </Filter>
    <Filter Include="Resource Files\Shaders\ExerciseMaterials">
      <UniqueIdentifier>{f7cc45bc-6317-4a06-9fe3-59f2b4b6da0e}</UniqueIdentifier>
    </Filter>
    <Filter Include="Resource Files\Shaders\ExerciseLightingMaps">
      <UniqueIdentifier>{57709758-c46f-4cee-9fad-d6229137f687}</UniqueIdentifier>
    </Filter>
    <Filter Include="Source Files\ExerciseLightingMaps">
      <UniqueIdentifier>{2d11f075-c124-46f1-8db9-f0f379621f71}</UniqueIdentifier>
    </Filter>
    <Filter Include="Resource Files\Shaders\ExerciseLightingMaps\Problem1">
      <UniqueIdentifier>{b2ce7f7b-1dba-4a96-b1ec-eacc8bde5046}</UniqueIdentifier>
    </Filter>
    <Filter Include="Resource Files\Shaders\ExerciseLightingMaps\Problem2">
      <UniqueIdentifier>{5b5501fa-0490-40dc-bbbb-c50506b67d9d}</UniqueIdentifier>
    </Filter>
    <Filter Include="Resource Files\Shaders\ExerciseLightingMaps\Problem3">
      <UniqueIdentifier>{7c79dc29-58d6-40b5-b275-aea589e6c0f6}</UniqueIdentifier>
    </Filter>
    <Filter Include="Resource Files\Shaders\ExerciseLightingMaps\Problem4">
      <UniqueIdentifier>{de33f927-1605-4815-9e4b-175386be7e46}</UniqueIdentifier>
    </Filter>
    <Filter Include="Source Files\ExerciseLightCasters">
      <UniqueIdentifier>{75210a2d-f72f-4f23-a65c-c1e5868cdefb}</UniqueIdentifier>
    </Filter>
    <Filter Include="Resource Files\Shaders\ExerciseLightCasters">
      <UniqueIdentifier>{e3c9ff53-1112-41f9-b501-3ea8058e0bf5}</UniqueIdentifier>
    </Filter>
  </ItemGroup>
  <ItemGroup>
    <ClCompile Include="Main.cpp">
      <Filter>Source Files</Filter>
    </ClCompile>
    <ClCompile Include="Exercise1Easy.cpp">
      <Filter>Source Files\Exercise1CreateWindow</Filter>
    </ClCompile>
    <ClCompile Include="glad.c">
      <Filter>Source Files</Filter>
    </ClCompile>
    <ClCompile Include="Exercise1Medium.cpp">
      <Filter>Source Files\Exercise1CreateWindow</Filter>
    </ClCompile>
    <ClCompile Include="Exercise1Hard.cpp">
      <Filter>Source Files\Exercise1CreateWindow</Filter>
    </ClCompile>
    <ClCompile Include="Exercise2Easy.cpp">
      <Filter>Source Files\Exercise2Triangle</Filter>
    </ClCompile>
    <ClCompile Include="Exercise2Medium.cpp">
      <Filter>Source Files\Exercise2Triangle</Filter>
    </ClCompile>
    <ClCompile Include="Exercise2Hard.cpp">
      <Filter>Source Files\Exercise2Triangle</Filter>
    </ClCompile>
    <ClCompile Include="Exercise3Easy.cpp">
      <Filter>Source Files\Exercise3Indices</Filter>
    </ClCompile>
    <ClCompile Include="Shader.cpp">
      <Filter>Source Files\Wrappers</Filter>
    </ClCompile>
    <ClCompile Include="Window.cpp">
      <Filter>Source Files\Wrappers</Filter>
    </ClCompile>
    <ClCompile Include="VertexBufferObject.cpp">
      <Filter>Source Files\Wrappers</Filter>
    </ClCompile>
    <ClCompile Include="ElementBufferObject.cpp">
      <Filter>Source Files\Wrappers</Filter>
    </ClCompile>
    <ClCompile Include="VertexArrayObject.cpp">
      <Filter>Source Files\Wrappers</Filter>
    </ClCompile>
    <ClCompile Include="Exercise5Easy.cpp">
      <Filter>Source Files\Exercise5Shaders</Filter>
    </ClCompile>
    <ClCompile Include="Utils.cpp">
      <Filter>Source Files</Filter>
    </ClCompile>
    <ClCompile Include="Exercise5Medium.cpp">
      <Filter>Source Files\Exercise5Shaders</Filter>
    </ClCompile>
    <ClCompile Include="Exercise5Hard.cpp">
      <Filter>Source Files\Exercise5Shaders</Filter>
    </ClCompile>
    <ClCompile Include="Exercise6Easy.cpp">
      <Filter>Source Files\Exercise6Textures</Filter>
    </ClCompile>
    <ClCompile Include="stb_image.cpp">
      <Filter>Source Files</Filter>
    </ClCompile>
    <ClCompile Include="Exercise6Medium.cpp">
      <Filter>Source Files\Exercise6Textures</Filter>
    </ClCompile>
    <ClCompile Include="Exercise6Hard.cpp">
      <Filter>Source Files\Exercise6Textures</Filter>
    </ClCompile>
    <ClCompile Include="Texture.cpp">
      <Filter>Source Files\Wrappers</Filter>
    </ClCompile>
    <ClCompile Include="ExerciseTransformations.cpp">
      <Filter>Source Files\ExerciseTransformations</Filter>
    </ClCompile>
    <ClCompile Include="ExerciseCoordinateSystems.cpp">
      <Filter>Source Files\ExerciseCoordinateSystems</Filter>
    </ClCompile>
    <ClCompile Include="ExerciseCamera.cpp">
      <Filter>Source Files\ExerciseCamera</Filter>
    </ClCompile>
    <ClCompile Include="Camera.cpp">
      <Filter>Source Files\Wrappers</Filter>
    </ClCompile>
    <ClCompile Include="ExerciseBasicLighting.cpp">
      <Filter>Source Files\ExerciseBasicLighting</Filter>
    </ClCompile>
    <ClCompile Include="ExerciseMaterials.cpp">
      <Filter>Source Files\ExerciseMaterials</Filter>
    </ClCompile>
    <ClCompile Include="ExerciseLightingMaps.cpp">
      <Filter>Source Files\ExerciseLightingMaps</Filter>
    </ClCompile>
    <ClCompile Include="ExerciseLightCasters.cpp">
      <Filter>Source Files\ExerciseLightCasters</Filter>
    </ClCompile>
  </ItemGroup>
  <ItemGroup>
    <ClInclude Include="Headers.h">
      <Filter>Header Files</Filter>
    </ClInclude>
    <ClInclude Include="Exercises.h">
      <Filter>Header Files</Filter>
    </ClInclude>
    <ClInclude Include="Shader.h">
      <Filter>Header Files\Wrappers</Filter>
    </ClInclude>
    <ClInclude Include="Window.h">
      <Filter>Header Files\Wrappers</Filter>
    </ClInclude>
    <ClInclude Include="VertexBufferObject.h">
      <Filter>Header Files\Wrappers</Filter>
    </ClInclude>
    <ClInclude Include="ElementBufferObject.h">
      <Filter>Header Files\Wrappers</Filter>
    </ClInclude>
    <ClInclude Include="VertexArrayObject.h">
      <Filter>Header Files\Wrappers</Filter>
    </ClInclude>
    <ClInclude Include="Wrappers.h">
      <Filter>Header Files</Filter>
    </ClInclude>
    <ClInclude Include="Utils.h">
      <Filter>Header Files</Filter>
    </ClInclude>
    <ClInclude Include="Texture.h">
      <Filter>Header Files\Wrappers</Filter>
    </ClInclude>
    <ClInclude Include="Camera.h">
      <Filter>Header Files\Wrappers</Filter>
    </ClInclude>
  </ItemGroup>
  <ItemGroup>
    <None Include="exercise5easyproblem1.frag">
      <Filter>Resource Files\Shaders\Exercise5Shaders\Exercise5Easy\Problem1</Filter>
    </None>
    <None Include="exercise5easyproblem1.vert">
      <Filter>Resource Files\Shaders\Exercise5Shaders\Exercise5Easy\Problem1</Filter>
    </None>
    <None Include="exercise5easyproblem2.frag">
      <Filter>Resource Files\Shaders\Exercise5Shaders\Exercise5Easy\Problem2</Filter>
    </None>
    <None Include="exercise5easyproblem2.vert">
      <Filter>Resource Files\Shaders\Exercise5Shaders\Exercise5Easy\Problem2</Filter>
    </None>
    <None Include="exercise5mediumproblem1.vert">
      <Filter>Resource Files\Shaders\Exercise5Shaders\Exercise5Medium\Problem1</Filter>
    </None>
    <None Include="exercise5mediumproblem1.frag">
      <Filter>Resource Files\Shaders\Exercise5Shaders\Exercise5Medium\Problem1</Filter>
    </None>
    <None Include="exercise5hardproblem1.vert">
      <Filter>Resource Files\Shaders\Exercise5Shaders\Exercise5Hard\Problem1</Filter>
    </None>
    <None Include="exercise5hardproblem1.frag">
      <Filter>Resource Files\Shaders\Exercise5Shaders\Exercise5Hard\Problem1</Filter>
    </None>
    <None Include="exercise6easyproblem1.vert">
      <Filter>Resource Files\Shaders\Exercise6Textures\Exercise6Easy\Problem1</Filter>
    </None>
    <None Include="exercise6easyproblem1.frag">
      <Filter>Resource Files\Shaders\Exercise6Textures\Exercise6Easy\Problem1</Filter>
    </None>
    <None Include="exercise6easyproblem2.vert">
      <Filter>Resource Files\Shaders\Exercise6Textures\Exercise6Easy\Problem2</Filter>
    </None>
    <None Include="exercise6easyproblem2.frag">
      <Filter>Resource Files\Shaders\Exercise6Textures\Exercise6Easy\Problem2</Filter>
    </None>
    <None Include="exercise6mediumproblem1.vert">
      <Filter>Resource Files\Shaders\Exercise6Textures\Exercise6Medium\Problem1</Filter>
    </None>
    <None Include="exercise6mediumproblem1.frag">
      <Filter>Resource Files\Shaders\Exercise6Textures\Exercise6Medium\Problem1</Filter>
    </None>
    <None Include="exercise6mediumproblem2.vert">
      <Filter>Resource Files\Shaders\Exercise6Textures\Exercise6Medium\Problem2</Filter>
    </None>
    <None Include="exercise6mediumproblem2.frag">
      <Filter>Resource Files\Shaders\Exercise6Textures\Exercise6Medium\Problem2</Filter>
    </None>
    <None Include="exercise6hardproblem1.vert">
      <Filter>Resource Files\Shaders\Exercise6Textures\Exercise6Hard\Problem1</Filter>
    </None>
    <None Include="exercise6hardproblem1.frag">
      <Filter>Resource Files\Shaders\Exercise6Textures\Exercise6Hard\Problem1</Filter>
    </None>
    <None Include="exercisetransformations.frag">
      <Filter>Resource Files\Shaders\ExerciseTransformations</Filter>
    </None>
    <None Include="exercisetransformations.vert">
      <Filter>Resource Files\Shaders\ExerciseTransformations</Filter>
    </None>
    <None Include="exercisecoordinatesystems.vert">
      <Filter>Resource Files\Shaders\ExerciseCoordinateSystems</Filter>
    </None>
    <None Include="exercisecoordinatesystems.frag">
      <Filter>Resource Files\Shaders\ExerciseCoordinateSystems</Filter>
    </None>
    <None Include="exercisecamera.vert">
      <Filter>Resource Files\Shaders\ExerciseCamera</Filter>
    </None>
    <None Include="exercisecamera.frag">
      <Filter>Resource Files\Shaders\ExerciseCamera</Filter>
    </None>
    <None Include="exercisebasiclighting1.frag">
      <Filter>Resource Files\Shaders\ExerciseBasicLighting\Problem1</Filter>
    </None>
    <None Include="exercisebasiclighting1.vert">
      <Filter>Resource Files\Shaders\ExerciseBasicLighting\Problem1</Filter>
    </None>
    <None Include="exercisebasiclighting2.vert">
      <Filter>Resource Files\Shaders\ExerciseBasicLighting\Problem2</Filter>
    </None>
    <None Include="exercisebasiclighting2.frag">
      <Filter>Resource Files\Shaders\ExerciseBasicLighting\Problem2</Filter>
    </None>
    <None Include="light.frag">
      <Filter>Resource Files\Shaders\ExerciseBasicLighting</Filter>
    </None>
    <None Include="light.vert">
      <Filter>Resource Files\Shaders\ExerciseBasicLighting</Filter>
    </None>
    <None Include="exercisebasiclighting3.vert">
      <Filter>Resource Files\Shaders\ExerciseBasicLighting\Problem3</Filter>
    </None>
    <None Include="exercisebasiclighting3.frag">
      <Filter>Resource Files\Shaders\ExerciseBasicLighting\Problem3</Filter>
    </None>
    <None Include="exercisebasiclighting4.vert">
      <Filter>Resource Files\Shaders\ExerciseBasicLighting\Problem4</Filter>
    </None>
    <None Include="exercisebasiclighting4.frag">
      <Filter>Resource Files\Shaders\ExerciseBasicLighting\Problem4</Filter>
    </None>
    <None Include="materiallight.vert">
      <Filter>Resource Files\Shaders\ExerciseMaterials</Filter>
    </None>
    <None Include="materiallight.frag">
      <Filter>Resource Files\Shaders\ExerciseMaterials</Filter>
    </None>
    <None Include="exercisematerials.frag">
      <Filter>Resource Files\Shaders\ExerciseMaterials</Filter>
    </None>
    <None Include="exercisematerials.vert">
      <Filter>Resource Files\Shaders\ExerciseMaterials</Filter>
    </None>
    <None Include="exerciselightingmaps1.frag">
      <Filter>Resource Files\Shaders\ExerciseLightingMaps\Problem1</Filter>
    </None>
    <None Include="exerciselightingmaps1.vert">
      <Filter>Resource Files\Shaders\ExerciseLightingMaps\Problem1</Filter>
    </None>
    <None Include="exerciselightingmaps2.vert">
      <Filter>Resource Files\Shaders\ExerciseLightingMaps\Problem2</Filter>
    </None>
    <None Include="exerciselightingmaps2.frag">
      <Filter>Resource Files\Shaders\ExerciseLightingMaps\Problem2</Filter>
    </None>
    <None Include="exerciselightingmaps3.vert">
      <Filter>Resource Files\Shaders\ExerciseLightingMaps\Problem3</Filter>
    </None>
    <None Include="exerciselightingmaps3.frag">
      <Filter>Resource Files\Shaders\ExerciseLightingMaps\Problem3</Filter>
    </None>
    <None Include="exerciselightingmaps4.vert">
      <Filter>Resource Files\Shaders\ExerciseLightingMaps\Problem4</Filter>
    </None>
    <None Include="exerciselightingmaps4.frag">
      <Filter>Resource Files\Shaders\ExerciseLightingMaps\Problem4</Filter>
    </None>
    <None Include="exerciselightcasters.vert">
      <Filter>Resource Files\Shaders\ExerciseLightCasters</Filter>
    </None>
    <None Include="exerciselightcasters.frag">
      <Filter>Resource Files\Shaders\ExerciseLightCasters</Filter>
    </None>
  </ItemGroup>
  <ItemGroup>
    <Image Include="happy.png">
      <Filter>Resource Files\Textures</Filter>
    </Image>
    <Image Include="container.png">
      <Filter>Resource Files\Textures</Filter>
    </Image>
    <Image Include="containerdiff.png">
      <Filter>Resource Files\Textures</Filter>
    </Image>
    <Image Include="containerspec.png">
      <Filter>Resource Files\Textures</Filter>
    </Image>
    <Image Include="containerspeccolor.png">
      <Filter>Resource Files\Textures</Filter>
    </Image>
    <Image Include="containeremission.png">
      <Filter>Resource Files\Textures</Filter>
    </Image>
  </ItemGroup>
</Project>