<?xml version="1.0" encoding="utf-8"?>
<Project ToolsVersion="17.0" xmlns="http://schemas.microsoft.com/developer/msbuild/2003">
  <ItemGroup>
    <CustomBuild Include="D:\Projects\C++\assimp\CMakeFiles\8fa81d1529131ac040321f2179520f04\INSTALL_force.rule">
      <Filter>CMake Rules</Filter>
    </CustomBuild>
  </ItemGroup>
  <ItemGroup>
    <Filter Include="CMake Rules">
      <UniqueIdentifier>{F5D12BAB-E685-384B-B7B1-37084A6017B9}</UniqueIdentifier>
    </Filter>
  </ItemGroup>
</Project>
